
Microsoft Visual Studio Solution File, Format Version 12.00
# Visual Studio 14
VisualStudioVersion = 14.0.23107.0
MinimumVisualStudioVersion = 10.0.40219.1
Project("{FAE04EC0-301F-11D3-BF4B-00C04F79EFBC}") = "WcfProxyHelper", "WcfProxyHelper\WcfProxyHelper.csproj", "{F842B16F-4054-4AD4-A820-2E6D156DE5D3}"
EndProject
Project("{FAE04EC0-301F-11D3-BF4B-00C04F79EFBC}") = "TestClient", "TestClient\TestClient.csproj", "{B7BBFA15-C00C-4C8A-9417-2AB7A0A9260B}"
EndProject
Project("{FAE04EC0-301F-11D3-BF4B-00C04F79EFBC}") = "TestServer", "TestServer\TestServer.csproj", "{E70EE56A-A353-4071-B5C6-F8E73EE227D3}"
EndProject
Project("{FAE04EC0-301F-11D3-BF4B-00C04F79EFBC}") = "TestContracts", "TestContracts\TestContracts.csproj", "{F956AA0C-4789-41C3-AE5A-9E08EC366E54}"
EndProject
Global
	GlobalSection(SolutionConfigurationPlatforms) = preSolution
		Debug|Any CPU = Debug|Any CPU
		Release|Any CPU = Release|Any CPU
	EndGlobalSection
	GlobalSection(ProjectConfigurationPlatforms) = postSolution
		{F842B16F-4054-4AD4-A820-2E6D156DE5D3}.Debug|Any CPU.ActiveCfg = Debug|Any CPU
		{F842B16F-4054-4AD4-A820-2E6D156DE5D3}.Debug|Any CPU.Build.0 = Debug|Any CPU
		{F842B16F-4054-4AD4-A820-2E6D156DE5D3}.Release|Any CPU.ActiveCfg = Release|Any CPU
		{F842B16F-4054-4AD4-A820-2E6D156DE5D3}.Release|Any CPU.Build.0 = Release|Any CPU
		{B7BBFA15-C00C-4C8A-9417-2AB7A0A9260B}.Debug|Any CPU.ActiveCfg = Debug|Any CPU
		{B7BBFA15-C00C-4C8A-9417-2AB7A0A9260B}.Debug|Any CPU.Build.0 = Debug|Any CPU
		{B7BBFA15-C00C-4C8A-9417-2AB7A0A9260B}.Release|Any CPU.ActiveCfg = Release|Any CPU
		{B7BBFA15-C00C-4C8A-9417-2AB7A0A9260B}.Release|Any CPU.Build.0 = Release|Any CPU
		{E70EE56A-A353-4071-B5C6-F8E73EE227D3}.Debug|Any CPU.ActiveCfg = Debug|Any CPU
		{E70EE56A-A353-4071-B5C6-F8E73EE227D3}.Debug|Any CPU.Build.0 = Debug|Any CPU
		{E70EE56A-A353-4071-B5C6-F8E73EE227D3}.Release|Any CPU.ActiveCfg = Release|Any CPU
		{E70EE56A-A353-4071-B5C6-F8E73EE227D3}.Release|Any CPU.Build.0 = Release|Any CPU
		{F956AA0C-4789-41C3-AE5A-9E08EC366E54}.Debug|Any CPU.ActiveCfg = Debug|Any CPU
		{F956AA0C-4789-41C3-AE5A-9E08EC366E54}.Debug|Any CPU.Build.0 = Debug|Any CPU
		{F956AA0C-4789-41C3-AE5A-9E08EC366E54}.Release|Any CPU.ActiveCfg = Release|Any CPU
		{F956AA0C-4789-41C3-AE5A-9E08EC366E54}.Release|Any CPU.Build.0 = Release|Any CPU
	EndGlobalSection
	GlobalSection(SolutionProperties) = preSolution
		HideSolutionNode = FALSE
	EndGlobalSection
EndGlobal
